
Microsoft Visual Studio Solution File, Format Version 12.00
# Visual Studio Version 16
VisualStudioVersion = 16.0.29911.84
MinimumVisualStudioVersion = 10.0.40219.1
Project("{FAE04EC0-301F-11D3-BF4B-00C04F79EFBC}") = "Proj_Worker", "Proj_Worker.csproj", "{68DCBB15-B966-4120-812E-1F9ACD8DC2C4}"
EndProject
Global
	GlobalSection(SolutionConfigurationPlatforms) = preSolution
		Debug|Any CPU = Debug|Any CPU
		Release|Any CPU = Release|Any CPU
	EndGlobalSection
	GlobalSection(ProjectConfigurationPlatforms) = postSolution
		{68DCBB15-B966-4120-812E-1F9ACD8DC2C4}.Debug|Any CPU.ActiveCfg = Debug|Any CPU
		{68DCBB15-B966-4120-812E-1F9ACD8DC2C4}.Debug|Any CPU.Build.0 = Debug|Any CPU
		{68DCBB15-B966-4120-812E-1F9ACD8DC2C4}.Release|Any CPU.ActiveCfg = Release|Any CPU
		{68DCBB15-B966-4120-812E-1F9ACD8DC2C4}.Release|Any CPU.Build.0 = Release|Any CPU
	EndGlobalSection
	GlobalSection(SolutionProperties) = preSolution
		HideSolutionNode = FALSE
	EndGlobalSection
	GlobalSection(ExtensibilityGlobals) = postSolution
		SolutionGuid = {4A60EC9B-592F-4ADF-8D3A-9C1A078922D4}
	EndGlobalSection
EndGlobal
